
Microsoft Visual Studio Solution File, Format Version 12.00
# Visual Studio Version 16
VisualStudioVersion = 16.0.31515.178
MinimumVisualStudioVersion = 10.0.40219.1
Project("{FAE04EC0-301F-11D3-BF4B-00C04F79EFBC}") = "SEDC.BooksApp", "SEDC.BooksApp\SEDC.BooksApp.csproj", "{77A99BC6-21E9-4035-B582-C53F6AEB6B01}"
EndProject
Global
	GlobalSection(SolutionConfigurationPlatforms) = preSolution
		Debug|Any CPU = Debug|Any CPU
		Release|Any CPU = Release|Any CPU
	EndGlobalSection
	GlobalSection(ProjectConfigurationPlatforms) = postSolution
		{77A99BC6-21E9-4035-B582-C53F6AEB6B01}.Debug|Any CPU.ActiveCfg = Debug|Any CPU
		{77A99BC6-21E9-4035-B582-C53F6AEB6B01}.Debug|Any CPU.Build.0 = Debug|Any CPU
		{77A99BC6-21E9-4035-B582-C53F6AEB6B01}.Release|Any CPU.ActiveCfg = Release|Any CPU
		{77A99BC6-21E9-4035-B582-C53F6AEB6B01}.Release|Any CPU.Build.0 = Release|Any CPU
	EndGlobalSection
	GlobalSection(SolutionProperties) = preSolution
		HideSolutionNode = FALSE
	EndGlobalSection
	GlobalSection(ExtensibilityGlobals) = postSolution
		SolutionGuid = {E573E556-FFDD-4C66-BD1A-C872EFD95721}
	EndGlobalSection
EndGlobal
